# This file is automatically @generated by Cargo.
# It is not intended for manual editing.
[[package]]
name = "adler32"
version = "1.0.2"
source = "registry+https://github.com/rust-lang/crates.io-index"
checksum = "6cbd0b9af8587c72beadc9f72d35b9fbb070982c9e6203e46e93f10df25f8f45"

[[package]]
name = "advapi32-sys"
version = "0.2.0"
source = "registry+https://github.com/rust-lang/crates.io-index"
checksum = "e06588080cb19d0acb6739808aafa5f26bfb2ca015b2b6370028b44cf7cb8a9a"
dependencies = [
 "winapi 0.2.8",
 "winapi-build",
]

[[package]]
name = "aho-corasick"
version = "0.6.4"
source = "registry+https://github.com/rust-lang/crates.io-index"
checksum = "d6531d44de723825aa81398a6415283229725a00fa30713812ab9323faa82fc4"
dependencies = [
 "memchr 2.0.1",
]

[[package]]
name = "ansi_term"
version = "0.10.2"
source = "registry+https://github.com/rust-lang/crates.io-index"
checksum = "6b3568b48b7cefa6b8ce125f9bb4989e52fbcc29ebea88df04cc7c5f12f70455"

[[package]]
name = "arrayvec"
version = "0.4.7"
source = "registry+https://github.com/rust-lang/crates.io-index"
checksum = "a1e964f9e24d588183fcb43503abda40d288c8657dfc27311516ce2f05675aef"
dependencies = [
 "nodrop",
]

[[package]]
name = "atty"
version = "0.2.6"
source = "registry+https://github.com/rust-lang/crates.io-index"
checksum = "8352656fd42c30a0c3c89d26dea01e3b77c0ab2af18230835c15e2e13cd51859"
dependencies = [
 "libc",
 "termion",
 "winapi 0.3.4",
]

[[package]]
name = "backtrace"
version = "0.3.5"
source = "registry+https://github.com/rust-lang/crates.io-index"
checksum = "ebbbf59b1c43eefa8c3ede390fcc36820b4999f7914104015be25025e0d62af2"
dependencies = [
 "backtrace-sys",
 "cfg-if",
 "libc",
 "rustc-demangle",
 "winapi 0.3.4",
]

[[package]]
name = "backtrace-sys"
version = "0.1.16"
source = "registry+https://github.com/rust-lang/crates.io-index"
checksum = "44585761d6161b0f57afc49482ab6bd067e4edef48c12a152c237eb0203f7661"
dependencies = [
 "cc",
 "libc",
]

[[package]]
name = "bitflags"
version = "0.9.1"
source = "registry+https://github.com/rust-lang/crates.io-index"
checksum = "4efd02e230a02e18f92fc2735f44597385ed02ad8f831e7c1c1156ee5e1ab3a5"

[[package]]
name = "bitflags"
version = "1.0.1"
source = "registry+https://github.com/rust-lang/crates.io-index"
checksum = "b3c30d3802dfb7281680d6285f2ccdaa8c2d8fee41f93805dba5c4cf50dc23cf"

[[package]]
name = "build_const"
version = "0.2.0"
source = "registry+https://github.com/rust-lang/crates.io-index"
checksum = "e90dc84f5e62d2ebe7676b83c22d33b6db8bd27340fb6ffbff0a364efa0cb9c9"

[[package]]
name = "byteorder"
version = "1.2.1"
source = "registry+https://github.com/rust-lang/crates.io-index"
checksum = "652805b7e73fada9d85e9a6682a4abd490cb52d96aeecc12e33a0de34dfd0d23"

[[package]]
name = "bytes"
version = "0.4.6"
source = "registry+https://github.com/rust-lang/crates.io-index"
checksum = "1b7db437d718977f6dc9b2e3fd6fc343c02ac6b899b73fdd2179163447bd9ce9"
dependencies = [
 "byteorder",
 "iovec",
]

[[package]]
name = "cargo"
version = "0.24.0"
source = "registry+https://github.com/rust-lang/crates.io-index"
checksum = "11bae52b8d1073f11a8b4f532ff09e6521d9e7d8908aacd3410542a2953ccd00"
dependencies = [
 "atty",
 "core-foundation",
 "crates-io",
 "crossbeam 0.3.2",
 "crypto-hash",
 "curl",
 "docopt",
 "env_logger",
 "error-chain",
 "filetime",
 "flate2",
 "fs2",
 "git2",
 "git2-curl",
 "glob",
 "hex",
 "home",
 "ignore",
 "jobserver",
 "kernel32-sys",
 "libc",
 "libgit2-sys",
 "log 0.3.9",
 "miow",
 "num_cpus",
 "psapi-sys",
 "same-file",
 "scoped-tls",
 "semver 0.8.0",
 "serde",
 "serde_derive",
 "serde_ignored",
 "serde_json",
 "shell-escape",
 "tar",
 "tempdir",
 "termcolor",
 "toml",
 "url",
 "winapi 0.2.8",
]

[[package]]
name = "cargo-tarpaulin"
version = "0.5.6"
dependencies = [
 "cargo",
 "clap",
 "coveralls-api",
 "fallible-iterator",
 "gimli",
 "lazy_static 1.4.0",
 "libc",
 "memmap",
 "nix",
 "object",
 "quick-xml",
 "regex",
 "rustc-demangle",
 "serde",
 "serde_json",
 "syntex_syntax",
]

[[package]]
name = "cc"
version = "1.0.4"
source = "registry+https://github.com/rust-lang/crates.io-index"
checksum = "deaf9ec656256bb25b404c51ef50097207b9cbb29c933d31f92cae5a8a0ffee0"

[[package]]
name = "cfg-if"
version = "0.1.2"
source = "registry+https://github.com/rust-lang/crates.io-index"
checksum = "d4c819a1287eb618df47cc647173c5c4c66ba19d888a6e50d605672aed3140de"

[[package]]
name = "clap"
version = "2.29.4"
source = "registry+https://github.com/rust-lang/crates.io-index"
checksum = "7b8f59bcebcfe4269b09f71dab0da15b355c75916a8f975d3876ce81561893ee"
dependencies = [
 "ansi_term",
 "atty",
 "bitflags 1.0.1",
 "strsim 0.7.0",
 "textwrap",
 "unicode-width",
 "vec_map",
]

[[package]]
name = "cmake"
version = "0.1.29"
source = "registry+https://github.com/rust-lang/crates.io-index"
checksum = "56d741ea7a69e577f6d06b36b7dff4738f680593dc27a701ffa8506b73ce28bb"
dependencies = [
 "cc",
]

[[package]]
name = "commoncrypto"
version = "0.2.0"
source = "registry+https://github.com/rust-lang/crates.io-index"
checksum = "d056a8586ba25a1e4d61cb090900e495952c7886786fc55f909ab2f819b69007"
dependencies = [
 "commoncrypto-sys",
]

[[package]]
name = "commoncrypto-sys"
version = "0.2.0"
source = "registry+https://github.com/rust-lang/crates.io-index"
checksum = "1fed34f46747aa73dfaa578069fd8279d2818ade2b55f38f22a9401c7f4083e2"
dependencies = [
 "libc",
]

[[package]]
name = "core-foundation"
version = "0.4.6"
source = "registry+https://github.com/rust-lang/crates.io-index"
checksum = "8047f547cd6856d45b1cdd75ef8d2f21f3d0e4bf1dab0a0041b0ae9a5dda9c0e"
dependencies = [
 "core-foundation-sys",
 "libc",
]

[[package]]
name = "core-foundation-sys"
version = "0.4.6"
source = "registry+https://github.com/rust-lang/crates.io-index"
checksum = "152195421a2e6497a8179195672e9d4ee8e45ed8c465b626f1606d27a08ebcd5"
dependencies = [
 "libc",
]

[[package]]
name = "coveralls-api"
version = "0.3.3"
source = "registry+https://github.com/rust-lang/crates.io-index"
checksum = "1a7f17235b2f17cec847ea899124e7de0527bacd52452ecbd26d4372b9cad640"
dependencies = [
 "curl",
 "deflate",
 "md5",
 "serde",
 "serde_derive",
 "serde_json",
]

[[package]]
name = "crates-io"
version = "0.13.0"
source = "registry+https://github.com/rust-lang/crates.io-index"
checksum = "6f674c5442534ff590d03226dbe18058939d2c45a9072bb8a2fc82f135aa5d53"
dependencies = [
 "curl",
 "error-chain",
 "serde",
 "serde_derive",
 "serde_json",
 "url",
]

[[package]]
name = "crc"
version = "1.7.0"
source = "registry+https://github.com/rust-lang/crates.io-index"
checksum = "bd5d02c0aac6bd68393ed69e00bbc2457f3e89075c6349db7189618dc4ddc1d7"
dependencies = [
 "build_const",
]

[[package]]
name = "crossbeam"
version = "0.2.12"
source = "registry+https://github.com/rust-lang/crates.io-index"
checksum = "bd66663db5a988098a89599d4857919b3acf7f61402e61365acfd3919857b9be"

[[package]]
name = "crossbeam"
version = "0.3.2"
source = "registry+https://github.com/rust-lang/crates.io-index"
checksum = "24ce9782d4d5c53674646a6a4c1863a21a8fc0cb649b3c94dfc16e45071dea19"

[[package]]
name = "crypto-hash"
version = "0.3.0"
source = "registry+https://github.com/rust-lang/crates.io-index"
checksum = "34903878eec1694faf53cae8473a088df333181de421d4d3d48061d6559fe602"
dependencies = [
 "advapi32-sys",
 "commoncrypto",
 "hex",
 "openssl",
 "winapi 0.2.8",
]

[[package]]
name = "curl"
version = "0.4.11"
source = "registry+https://github.com/rust-lang/crates.io-index"
checksum = "b70fd6394677d3c0e239ff4be6f2b3176e171ffd1c23ffdc541e78dea2b8bb5e"
dependencies = [
 "curl-sys",
 "kernel32-sys",
 "libc",
 "openssl-probe",
 "openssl-sys",
 "schannel",
 "socket2",
 "winapi 0.2.8",
]

[[package]]
name = "curl-sys"
version = "0.4.1"
source = "registry+https://github.com/rust-lang/crates.io-index"
checksum = "f46e49c7125131f5afaded06944d6888b55cbdf8eba05dae73c954019b907961"
dependencies = [
 "cc",
 "libc",
 "libz-sys",
 "openssl-sys",
 "pkg-config",
 "vcpkg",
 "winapi 0.3.4",
]

[[package]]
name = "deflate"
version = "0.7.17"
source = "registry+https://github.com/rust-lang/crates.io-index"
checksum = "4dddda59aaab719767ab11d3efd9a714e95b610c4445d4435765021e9d52dfb1"
dependencies = [
 "adler32",
 "byteorder",
 "gzip-header",
]

[[package]]
name = "docopt"
version = "0.8.3"
source = "registry+https://github.com/rust-lang/crates.io-index"
checksum = "d8acd393692c503b168471874953a2531df0e9ab77d0b6bbc582395743300a4a"
dependencies = [
 "lazy_static 1.4.0",
 "regex",
 "serde",
 "serde_derive",
 "strsim 0.6.0",
]

[[package]]
name = "dtoa"
version = "0.4.2"
source = "registry+https://github.com/rust-lang/crates.io-index"
checksum = "09c3753c3db574d215cba4ea76018483895d7bff25a31b49ba45db21c48e50ab"

[[package]]
name = "encoding_rs"
version = "0.7.2"
source = "registry+https://github.com/rust-lang/crates.io-index"
checksum = "98fd0f24d1fb71a4a6b9330c8ca04cbd4e7cc5d846b54ca74ff376bc7c9f798d"
dependencies = [
 "cfg-if",
]

[[package]]
name = "enum_primitive"
version = "0.1.1"
source = "registry+https://github.com/rust-lang/crates.io-index"
checksum = "be4551092f4d519593039259a9ed8daedf0da12e5109c5280338073eaeb81180"
dependencies = [
 "num-traits 0.1.43",
]

[[package]]
name = "env_logger"
version = "0.4.3"
source = "registry+https://github.com/rust-lang/crates.io-index"
checksum = "3ddf21e73e016298f5cb37d6ef8e8da8e39f91f9ec8b0df44b7deb16a9f8cd5b"
dependencies = [
 "log 0.3.9",
 "regex",
]

[[package]]
name = "error-chain"
version = "0.11.0"
source = "registry+https://github.com/rust-lang/crates.io-index"
checksum = "ff511d5dc435d703f4971bc399647c9bc38e20cb41452e3b9feb4765419ed3f3"
dependencies = [
 "backtrace",
]

[[package]]
name = "extprim"
version = "1.5.1"
source = "registry+https://github.com/rust-lang/crates.io-index"
checksum = "eb09b6eb24a48a5c57729e4a60980bf538b3662c3bcec04b6c7908d7a0f3d9b9"
dependencies = [
 "num-traits 0.1.43",
 "rand 0.4.2",
 "rustc_version",
 "serde",
]

[[package]]
name = "failure"
version = "0.1.1"
source = "registry+https://github.com/rust-lang/crates.io-index"
checksum = "934799b6c1de475a012a02dab0ace1ace43789ee4b99bcfbf1a2e3e8ced5de82"
dependencies = [
 "backtrace",
 "failure_derive",
]

[[package]]
name = "failure_derive"
version = "0.1.1"
source = "registry+https://github.com/rust-lang/crates.io-index"
checksum = "c7cdda555bb90c9bb67a3b670a0f42de8e73f5981524123ad8578aafec8ddb8b"
dependencies = [
 "quote",
 "syn",
 "synstructure",
]

[[package]]
name = "fallible-iterator"
version = "0.1.4"
source = "registry+https://github.com/rust-lang/crates.io-index"
checksum = "d6034a9c9dfce417c7710128d202eef406878cd2fe294e76e2ee05259c9b042d"

[[package]]
name = "filetime"
version = "0.1.15"
source = "registry+https://github.com/rust-lang/crates.io-index"
checksum = "714653f3e34871534de23771ac7b26e999651a0a228f47beb324dfdf1dd4b10f"
dependencies = [
 "cfg-if",
 "libc",
 "redox_syscall",
]

[[package]]
name = "flate2"
version = "0.2.20"
source = "registry+https://github.com/rust-lang/crates.io-index"
checksum = "e6234dd4468ae5d1e2dbb06fe2b058696fdc50a339c68a393aefbf00bc81e423"
dependencies = [
 "libc",
 "miniz-sys",
]

[[package]]
name = "fnv"
version = "1.0.6"
source = "registry+https://github.com/rust-lang/crates.io-index"
checksum = "2fad85553e09a6f881f739c29f0b00b0f01357c743266d478b68951ce23285f3"

[[package]]
name = "foreign-types"
version = "0.3.2"
source = "registry+https://github.com/rust-lang/crates.io-index"
checksum = "f6f339eb8adc052cd2ca78910fda869aefa38d22d5cb648e6485e4d3fc06f3b1"
dependencies = [
 "foreign-types-shared",
]

[[package]]
name = "foreign-types-shared"
version = "0.1.1"
source = "registry+https://github.com/rust-lang/crates.io-index"
checksum = "00b0228411908ca8685dba7fc2cdd70ec9990a6e753e89b6ac91a84c40fbaf4b"

[[package]]
name = "fs2"
version = "0.4.3"
source = "registry+https://github.com/rust-lang/crates.io-index"
checksum = "9564fc758e15025b46aa6643b1b77d047d1a56a1aea6e01002ac0c7026876213"
dependencies = [
 "libc",
 "winapi 0.3.4",
]

[[package]]
name = "fuchsia-zircon"
version = "0.3.3"
source = "registry+https://github.com/rust-lang/crates.io-index"
checksum = "2e9763c69ebaae630ba35f74888db465e49e259ba1bc0eda7d06f4a067615d82"
dependencies = [
 "bitflags 1.0.1",
 "fuchsia-zircon-sys",
]

[[package]]
name = "fuchsia-zircon-sys"
version = "0.3.3"
source = "registry+https://github.com/rust-lang/crates.io-index"
checksum = "3dcaa9ae7725d12cdb85b3ad99a434db70b468c09ded17e012d86b5c1010f7a7"

[[package]]
name = "gcc"
version = "0.3.54"
source = "registry+https://github.com/rust-lang/crates.io-index"
checksum = "5e33ec290da0d127825013597dbdfc28bee4964690c7ce1166cbc2a7bd08b1bb"

[[package]]
name = "gimli"
version = "0.15.0"
source = "registry+https://github.com/rust-lang/crates.io-index"
checksum = "ffa1f5db1b7b50875bd8fc111f64025b05c01c7a6f8f36de0da9d53d02ba5fac"
dependencies = [
 "arrayvec",
 "byteorder",
 "fallible-iterator",
]

[[package]]
name = "git2"
version = "0.6.11"
source = "registry+https://github.com/rust-lang/crates.io-index"
checksum = "ee5b4bb7cd2a44e6e5ee3a26ba6a9ca10d4ce2771cdc3839bbc54b47b7d1be84"
dependencies = [
 "bitflags 0.9.1",
 "libc",
 "libgit2-sys",
 "openssl-probe",
 "openssl-sys",
 "url",
]

[[package]]
name = "git2-curl"
version = "0.7.0"
source = "registry+https://github.com/rust-lang/crates.io-index"
checksum = "68676bc784bf0bef83278898929bf64a251e87c0340723d0b93fa096c9c5bf8e"
dependencies = [
 "curl",
 "git2",
 "log 0.3.9",
 "url",
]

[[package]]
name = "glob"
version = "0.2.11"
source = "registry+https://github.com/rust-lang/crates.io-index"
checksum = "8be18de09a56b60ed0edf84bc9df007e30040691af7acd1c41874faac5895bfb"

[[package]]
name = "globset"
version = "0.2.1"
source = "registry+https://github.com/rust-lang/crates.io-index"
checksum = "464627f948c3190ae3d04b1bc6d7dca2f785bda0ac01278e6db129ad383dbeb6"
dependencies = [
 "aho-corasick",
 "fnv",
 "log 0.3.9",
 "memchr 2.0.1",
 "regex",
]

[[package]]
name = "goblin"
version = "0.0.13"
source = "registry+https://github.com/rust-lang/crates.io-index"
checksum = "b9c41a5d6172009a2dddc6e1d8f48472e6d01aab6f8b4db9cb6703596047885c"
dependencies = [
 "log 0.3.9",
 "plain",
 "scroll",
]

[[package]]
name = "gzip-header"
version = "0.1.2"
source = "registry+https://github.com/rust-lang/crates.io-index"
checksum = "0a9fcfe1c9ee125342355b2467bc29b9dfcb2124fcae27edb9cee6f4cc5ecd40"
dependencies = [
 "crc",
 "enum_primitive",
]

[[package]]
name = "hex"
version = "0.2.0"
source = "registry+https://github.com/rust-lang/crates.io-index"
checksum = "d6a22814455d41612f41161581c2883c0c6a1c41852729b17d5ed88f01e153aa"

[[package]]
name = "home"
version = "0.3.0"
source = "registry+https://github.com/rust-lang/crates.io-index"
checksum = "9f25ae61099d8f3fee8b483df0bd4ecccf4b2731897aad40d50eca1b641fe6db"
dependencies = [
 "advapi32-sys",
 "kernel32-sys",
 "scopeguard",
 "userenv-sys",
 "winapi 0.2.8",
]

[[package]]
name = "idna"
version = "0.1.4"
source = "registry+https://github.com/rust-lang/crates.io-index"
checksum = "014b298351066f1512874135335d62a789ffe78a9974f94b43ed5621951eaf7d"
dependencies = [
 "matches",
 "unicode-bidi",
 "unicode-normalization",
]

[[package]]
name = "ignore"
version = "0.2.2"
source = "registry+https://github.com/rust-lang/crates.io-index"
checksum = "b3fcaf2365eb14b28ec7603c98c06cc531f19de9eb283d89a3dff8417c8c99f5"
dependencies = [
 "crossbeam 0.2.12",
 "globset",
 "lazy_static 0.2.11",
 "log 0.3.9",
 "memchr 1.0.2",
 "regex",
 "thread_local",
 "walkdir",
]

[[package]]
name = "iovec"
version = "0.1.2"
source = "registry+https://github.com/rust-lang/crates.io-index"
checksum = "dbe6e417e7d0975db6512b90796e8ce223145ac4e33c377e4a42882a0e88bb08"
dependencies = [
 "libc",
 "winapi 0.2.8",
]

[[package]]
name = "itoa"
version = "0.3.4"
source = "registry+https://github.com/rust-lang/crates.io-index"
checksum = "8324a32baf01e2ae060e9de58ed0bc2320c9a2833491ee36cd3b4c414de4db8c"

[[package]]
name = "jobserver"
version = "0.1.9"
source = "registry+https://github.com/rust-lang/crates.io-index"
checksum = "565f6106bd87b394398f813bea4e5ecad6d6b0f6aa077592d088f882a506481d"
dependencies = [
 "libc",
 "rand 0.3.22",
]

[[package]]
name = "kernel32-sys"
version = "0.2.2"
source = "registry+https://github.com/rust-lang/crates.io-index"
checksum = "7507624b29483431c0ba2d82aece8ca6cdba9382bff4ddd0f7490560c056098d"
dependencies = [
 "winapi 0.2.8",
 "winapi-build",
]

[[package]]
name = "lazy_static"
version = "0.2.11"
source = "registry+https://github.com/rust-lang/crates.io-index"
checksum = "76f033c7ad61445c5b347c7382dd1237847eb1bce590fe50365dcb33d546be73"

[[package]]
name = "lazy_static"
version = "1.4.0"
source = "registry+https://github.com/rust-lang/crates.io-index"
checksum = "e2abad23fbc42b3700f2f279844dc832adb2b2eb069b2df918f455c4e18cc646"

[[package]]
name = "libc"
version = "0.2.36"
source = "registry+https://github.com/rust-lang/crates.io-index"
checksum = "1e5d97d6708edaa407429faa671b942dc0f2727222fb6b6539bf1db936e4b121"

[[package]]
name = "libgit2-sys"
version = "0.6.19"
source = "registry+https://github.com/rust-lang/crates.io-index"
checksum = "6eeae66e7b1c995de45cb4e65c5ab438a96a7b4077e448645d4048dc753ad357"
dependencies = [
 "cc",
 "cmake",
 "curl-sys",
 "libc",
 "libssh2-sys",
 "libz-sys",
 "openssl-sys",
 "pkg-config",
]

[[package]]
name = "libssh2-sys"
version = "0.2.6"
source = "registry+https://github.com/rust-lang/crates.io-index"
checksum = "0db4ec23611747ef772db1c4d650f8bd762f07b461727ec998f953c614024b75"
dependencies = [
 "cmake",
 "libc",
 "libz-sys",
 "openssl-sys",
 "pkg-config",
]

[[package]]
name = "libz-sys"
version = "1.0.18"
source = "registry+https://github.com/rust-lang/crates.io-index"
checksum = "87f737ad6cc6fd6eefe3d9dc5412f1573865bded441300904d2f42269e140f16"
dependencies = [
 "cc",
 "libc",
 "pkg-config",
 "vcpkg",
]

[[package]]
name = "log"
version = "0.3.9"
source = "registry+https://github.com/rust-lang/crates.io-index"
checksum = "e19e8d5c34a3e0e2223db8e060f9e8264aeeb5c5fc64a4ee9965c062211c024b"
dependencies = [
 "log 0.4.1",
]

[[package]]
name = "log"
version = "0.4.1"
source = "registry+https://github.com/rust-lang/crates.io-index"
checksum = "89f010e843f2b1a31dbd316b3b8d443758bc634bed37aabade59c686d644e0a2"
dependencies = [
 "cfg-if",
]

[[package]]
name = "matches"
version = "0.1.6"
source = "registry+https://github.com/rust-lang/crates.io-index"
checksum = "100aabe6b8ff4e4a7e32c1c13523379802df0772b82466207ac25b013f193376"

[[package]]
name = "md5"
version = "0.3.7"
source = "registry+https://github.com/rust-lang/crates.io-index"
checksum = "daa1004633f76cdcd5a9d83ffcfe615e30ca7a2a638fcc8b8039a2dac21289d7"

[[package]]
name = "memchr"
version = "1.0.2"
source = "registry+https://github.com/rust-lang/crates.io-index"
checksum = "148fab2e51b4f1cfc66da2a7c32981d1d3c083a803978268bb11fe4b86925e7a"
dependencies = [
 "libc",
]

[[package]]
name = "memchr"
version = "2.0.1"
source = "registry+https://github.com/rust-lang/crates.io-index"
checksum = "796fba70e76612589ed2ce7f45282f5af869e0fdd7cc6199fa1aa1f1d591ba9d"
dependencies = [
 "libc",
]

[[package]]
name = "memmap"
version = "0.6.2"
source = "registry+https://github.com/rust-lang/crates.io-index"
checksum = "e2ffa2c986de11a9df78620c01eeaaf27d94d3ff02bf81bfcca953102dd0c6ff"
dependencies = [
 "libc",
 "winapi 0.3.4",
]

[[package]]
name = "miniz-sys"
version = "0.1.10"
source = "registry+https://github.com/rust-lang/crates.io-index"
checksum = "609ce024854aeb19a0ef7567d348aaa5a746b32fb72e336df7fcc16869d7e2b4"
dependencies = [
 "cc",
 "libc",
]

[[package]]
name = "miow"
version = "0.2.1"
source = "registry+https://github.com/rust-lang/crates.io-index"
checksum = "8c1f2f3b1cf331de6896aabf6e9d55dca90356cc9960cca7eaaf408a355ae919"
dependencies = [
 "kernel32-sys",
 "net2",
 "winapi 0.2.8",
 "ws2_32-sys",
]

[[package]]
name = "net2"
version = "0.2.31"
source = "registry+https://github.com/rust-lang/crates.io-index"
checksum = "3a80f842784ef6c9a958b68b7516bc7e35883c614004dd94959a4dca1b716c09"
dependencies = [
 "cfg-if",
 "kernel32-sys",
 "libc",
 "winapi 0.2.8",
 "ws2_32-sys",
]

[[package]]
name = "nix"
version = "0.10.0"
source = "registry+https://github.com/rust-lang/crates.io-index"
checksum = "b7fd5681d13fda646462cfbd4e5f2051279a89a544d50eb98c365b507246839f"
dependencies = [
 "bitflags 1.0.1",
 "bytes",
 "cfg-if",
 "gcc",
 "libc",
 "void",
]

[[package]]
name = "nodrop"
version = "0.1.12"
source = "registry+https://github.com/rust-lang/crates.io-index"
checksum = "9a2228dca57108069a5262f2ed8bd2e82496d2e074a06d1ccc7ce1687b6ae0a2"

[[package]]
name = "num-traits"
version = "0.1.43"
source = "registry+https://github.com/rust-lang/crates.io-index"
checksum = "92e5113e9fd4cc14ded8e499429f396a20f98c772a47cc8622a736e1ec843c31"
dependencies = [
 "num-traits 0.2.0",
]

[[package]]
name = "num-traits"
version = "0.2.0"
source = "registry+https://github.com/rust-lang/crates.io-index"
checksum = "e7de20f146db9d920c45ee8ed8f71681fd9ade71909b48c3acbd766aa504cf10"

[[package]]
name = "num_cpus"
version = "1.8.0"
source = "registry+https://github.com/rust-lang/crates.io-index"
checksum = "c51a3322e4bca9d212ad9a158a02abc6934d005490c054a2778df73a70aa0a30"
dependencies = [
 "libc",
]

[[package]]
name = "object"
version = "0.7.0"
source = "registry+https://github.com/rust-lang/crates.io-index"
checksum = "87689d98441d54f2404b4e9f7b214663a9dc996fd3e4416a475e2a28048f81da"
dependencies = [
 "goblin",
]

[[package]]
name = "openssl"
version = "0.9.23"
source = "registry+https://github.com/rust-lang/crates.io-index"
checksum = "169a4b9160baf9b9b1ab975418c673686638995ba921683a7f1e01470dcb8854"
dependencies = [
 "bitflags 0.9.1",
 "foreign-types",
 "lazy_static 1.4.0",
 "libc",
 "openssl-sys",
]

[[package]]
name = "openssl-probe"
version = "0.1.2"
source = "registry+https://github.com/rust-lang/crates.io-index"
checksum = "77af24da69f9d9341038eba93a073b1fdaaa1b788221b00a69bce9e762cb32de"

[[package]]
name = "openssl-sys"
version = "0.9.24"
source = "registry+https://github.com/rust-lang/crates.io-index"
checksum = "14ba54ac7d5a4eabd1d5f2c1fdeb7e7c14debfa669d94b983d01b465e767ba9e"
dependencies = [
 "cc",
 "libc",
 "pkg-config",
 "vcpkg",
]

[[package]]
name = "percent-encoding"
version = "1.0.1"
source = "registry+https://github.com/rust-lang/crates.io-index"
checksum = "31010dd2e1ac33d5b46a5b413495239882813e0369f8ed8a5e266f173602f831"

[[package]]
name = "pkg-config"
version = "0.3.9"
source = "registry+https://github.com/rust-lang/crates.io-index"
checksum = "3a8b4c6b8165cd1a1cd4b9b120978131389f64bdaf456435caa41e630edba903"

[[package]]
name = "plain"
version = "0.2.3"
source = "registry+https://github.com/rust-lang/crates.io-index"
checksum = "b4596b6d070b27117e987119b4dac604f3c58cfb0b191112e24771b2faeac1a6"

[[package]]
name = "psapi-sys"
version = "0.1.1"
source = "registry+https://github.com/rust-lang/crates.io-index"
checksum = "1f71c7e142c25f297077a8ebc21f10847096b5d21ad7619d7bf0c1fcecb40bb0"
dependencies = [
 "winapi 0.2.8",
 "winapi-build",
]

[[package]]
name = "quick-xml"
version = "0.11.0"
source = "registry+https://github.com/rust-lang/crates.io-index"
checksum = "256f488c59a125272a141529c3886b59eb97ae21e097107911a61e4ae5647ed8"
dependencies = [
 "encoding_rs",
 "failure",
 "memchr 2.0.1",
]

[[package]]
name = "quote"
version = "0.3.15"
source = "registry+https://github.com/rust-lang/crates.io-index"
checksum = "7a6e920b65c65f10b2ae65c831a81a073a89edd28c7cce89475bff467ab4167a"

[[package]]
name = "rand"
version = "0.3.22"
source = "registry+https://github.com/rust-lang/crates.io-index"
checksum = "15a732abf9d20f0ad8eeb6f909bf6868722d9a06e1e50802b6a70351f40b4eb1"
dependencies = [
 "fuchsia-zircon",
 "libc",
 "rand 0.4.2",
]

[[package]]
name = "rand"
version = "0.4.2"
source = "registry+https://github.com/rust-lang/crates.io-index"
checksum = "eba5f8cb59cc50ed56be8880a5c7b496bfd9bd26394e176bc67884094145c2c5"
dependencies = [
 "fuchsia-zircon",
 "libc",
 "winapi 0.3.4",
]

[[package]]
name = "redox_syscall"
version = "0.1.37"
source = "registry+https://github.com/rust-lang/crates.io-index"
checksum = "0d92eecebad22b767915e4d529f89f28ee96dbbf5a4810d2b844373f136417fd"

[[package]]
name = "redox_termios"
version = "0.1.1"
source = "registry+https://github.com/rust-lang/crates.io-index"
checksum = "7e891cfe48e9100a70a3b6eb652fef28920c117d366339687bd5576160db0f76"
dependencies = [
 "redox_syscall",
]

[[package]]
name = "regex"
version = "0.2.6"
source = "registry+https://github.com/rust-lang/crates.io-index"
checksum = "5be5347bde0c48cfd8c3fdc0766cdfe9d8a755ef84d620d6794c778c91de8b2b"
dependencies = [
 "aho-corasick",
 "memchr 2.0.1",
 "regex-syntax",
 "thread_local",
 "utf8-ranges",
]

[[package]]
name = "regex-syntax"
version = "0.4.2"
source = "registry+https://github.com/rust-lang/crates.io-index"
checksum = "8e931c58b93d86f080c734bfd2bce7dd0079ae2331235818133c8be7f422e20e"

[[package]]
name = "remove_dir_all"
version = "0.3.0"
source = "registry+https://github.com/rust-lang/crates.io-index"
checksum = "b5d2f806b0fcdabd98acd380dc8daef485e22bcb7cddc811d1337967f2528cf5"
dependencies = [
 "kernel32-sys",
 "winapi 0.2.8",
]

[[package]]
name = "rustc-demangle"
version = "0.1.5"
source = "registry+https://github.com/rust-lang/crates.io-index"
checksum = "aee45432acc62f7b9a108cc054142dac51f979e69e71ddce7d6fc7adf29e817e"

[[package]]
name = "rustc_version"
version = "0.2.1"
source = "registry+https://github.com/rust-lang/crates.io-index"
checksum = "b9743a7670d88d5d52950408ecdb7c71d8986251ab604d4689dd2ca25c9bca69"
dependencies = [
 "semver 0.6.0",
]

[[package]]
name = "same-file"
version = "0.1.3"
source = "registry+https://github.com/rust-lang/crates.io-index"
checksum = "d931a44fdaa43b8637009e7632a02adc4f2b2e0733c08caa4cf00e8da4a117a7"
dependencies = [
 "kernel32-sys",
 "winapi 0.2.8",
]

[[package]]
name = "schannel"
version = "0.1.10"
source = "registry+https://github.com/rust-lang/crates.io-index"
checksum = "acece75e0f987c48863a6c792ec8b7d6c4177d4a027f8ccc72f849794f437016"
dependencies = [
 "lazy_static 1.4.0",
 "winapi 0.3.4",
]

[[package]]
name = "scoped-tls"
version = "0.1.0"
source = "registry+https://github.com/rust-lang/crates.io-index"
checksum = "f417c22df063e9450888a7561788e9bd46d3bb3c1466435b4eccb903807f147d"

[[package]]
name = "scopeguard"
version = "0.1.2"
source = "registry+https://github.com/rust-lang/crates.io-index"
checksum = "59a076157c1e2dc561d8de585151ee6965d910dd4dcb5dabb7ae3e83981a6c57"

[[package]]
name = "scroll"
version = "0.8.0"
source = "registry+https://github.com/rust-lang/crates.io-index"
checksum = "b13864e1e0b3ed661d7206d512b8d1c4970f7fd9de23ae4e9b4331f0c25559e8"
dependencies = [
 "scroll_derive",
]

[[package]]
name = "scroll_derive"
version = "0.8.0"
source = "registry+https://github.com/rust-lang/crates.io-index"
checksum = "2a67086db2a44e94311fc4c02ec3f4751bda0fca9d87fd4e1bfe1cef55e9411d"
dependencies = [
 "quote",
 "syn",
]

[[package]]
name = "semver"
version = "0.6.0"
source = "registry+https://github.com/rust-lang/crates.io-index"
checksum = "7a3186ec9e65071a2095434b1f5bb24838d4e8e130f584c790f6033c79943537"
dependencies = [
 "semver-parser",
]

[[package]]
name = "semver"
version = "0.8.0"
source = "registry+https://github.com/rust-lang/crates.io-index"
checksum = "bee2bc909ab2d8d60dab26e8cad85b25d795b14603a0dcb627b78b9d30b6454b"
dependencies = [
 "semver-parser",
 "serde",
]

[[package]]
name = "semver-parser"
version = "0.7.0"
source = "registry+https://github.com/rust-lang/crates.io-index"
checksum = "388a1df253eca08550bef6c72392cfe7c30914bf41df5269b68cbd6ff8f570a3"

[[package]]
name = "serde"
version = "1.0.27"
source = "registry+https://github.com/rust-lang/crates.io-index"
checksum = "db99f3919e20faa51bb2996057f5031d8685019b5a06139b1ce761da671b8526"
dependencies = [
 "serde_derive",
]

[[package]]
name = "serde_derive"
version = "1.0.27"
source = "registry+https://github.com/rust-lang/crates.io-index"
checksum = "f4ba7591cfe93755e89eeecdbcc668885624829b020050e6aec99c2a03bd3fd0"
dependencies = [
 "quote",
 "serde_derive_internals",
 "syn",
]

[[package]]
name = "serde_derive_internals"
version = "0.19.0"
source = "registry+https://github.com/rust-lang/crates.io-index"
checksum = "6e03f1c9530c3fb0a0a5c9b826bdd9246a5921ae995d75f512ac917fc4dd55b5"
dependencies = [
 "syn",
 "synom",
]

[[package]]
name = "serde_ignored"
version = "0.0.4"
source = "registry+https://github.com/rust-lang/crates.io-index"
checksum = "190e9765dcedb56be63b6e0993a006c7e3b071a016a304736e4a315dc01fb142"
dependencies = [
 "serde",
]

[[package]]
name = "serde_json"
version = "1.0.9"
source = "registry+https://github.com/rust-lang/crates.io-index"
checksum = "c9db7266c7d63a4c4b7fe8719656ccdd51acf1bed6124b174f933b009fb10bcb"
dependencies = [
 "dtoa",
 "itoa",
 "num-traits 0.1.43",
 "serde",
]

[[package]]
name = "shell-escape"
version = "0.1.3"
source = "registry+https://github.com/rust-lang/crates.io-index"
checksum = "dd5cc96481d54583947bfe88bf30c23d53f883c6cd0145368b69989d97b84ef8"

[[package]]
name = "socket2"
version = "0.3.1"
source = "registry+https://github.com/rust-lang/crates.io-index"
checksum = "a76b792959eba82f021c9028c8ecb6396f085268d6d46af2ed96a829cc758d7c"
dependencies = [
 "cfg-if",
 "libc",
 "winapi 0.3.4",
]

[[package]]
name = "strsim"
version = "0.6.0"
source = "registry+https://github.com/rust-lang/crates.io-index"
checksum = "b4d15c810519a91cf877e7e36e63fe068815c678181439f2f29e2562147c3694"

[[package]]
name = "strsim"
version = "0.7.0"
source = "registry+https://github.com/rust-lang/crates.io-index"
checksum = "bb4f380125926a99e52bc279241539c018323fab05ad6368b56f93d9369ff550"

[[package]]
name = "syn"
version = "0.11.11"
source = "registry+https://github.com/rust-lang/crates.io-index"
checksum = "d3b891b9015c88c576343b9b3e41c2c11a51c219ef067b264bd9c8aa9b441dad"
dependencies = [
 "quote",
 "synom",
 "unicode-xid 0.0.4",
]

[[package]]
name = "synom"
version = "0.11.3"
source = "registry+https://github.com/rust-lang/crates.io-index"
checksum = "a393066ed9010ebaed60b9eafa373d4b1baac186dd7e008555b0f702b51945b6"
dependencies = [
 "unicode-xid 0.0.4",
]

[[package]]
name = "synstructure"
version = "0.6.1"
source = "registry+https://github.com/rust-lang/crates.io-index"
checksum = "3a761d12e6d8dcb4dcf952a7a89b475e3a9d69e4a69307e01a470977642914bd"
dependencies = [
 "quote",
 "syn",
]

[[package]]
name = "syntex_errors"
version = "0.59.1"
source = "registry+https://github.com/rust-lang/crates.io-index"
checksum = "3133289179676c9f5c5b2845bf5a2e127769f4889fcbada43035ef6bd662605e"
dependencies = [
 "libc",
 "serde",
 "serde_derive",
 "syntex_pos",
 "term",
 "unicode-xid 0.1.0",
]

[[package]]
name = "syntex_pos"
version = "0.59.1"
source = "registry+https://github.com/rust-lang/crates.io-index"
checksum = "30ab669fa003d208c681f874bbc76d91cc3d32550d16b5d9d2087cf477316470"
dependencies = [
 "serde",
 "serde_derive",
]

[[package]]
name = "syntex_syntax"
version = "0.59.1"
source = "registry+https://github.com/rust-lang/crates.io-index"
checksum = "03815b9f04d95828770d9c974aa39c6e1f6ef3114eb77a3ce09008a0d15dd142"
dependencies = [
 "bitflags 0.9.1",
 "extprim",
 "log 0.3.9",
 "serde",
 "serde_derive",
 "serde_json",
 "syntex_errors",
 "syntex_pos",
 "unicode-xid 0.1.0",
]

[[package]]
name = "tar"
version = "0.4.14"
source = "registry+https://github.com/rust-lang/crates.io-index"
checksum = "1605d3388ceb50252952ffebab4b5dc43017ead7e4481b175961c283bb951195"
dependencies = [
 "filetime",
 "libc",
 "redox_syscall",
]

[[package]]
name = "tempdir"
version = "0.3.6"
source = "registry+https://github.com/rust-lang/crates.io-index"
checksum = "f73eebdb68c14bcb24aef74ea96079830e7fa7b31a6106e42ea7ee887c1e134e"
dependencies = [
 "rand 0.4.2",
 "remove_dir_all",
]

[[package]]
name = "term"
version = "0.4.6"
source = "registry+https://github.com/rust-lang/crates.io-index"
checksum = "fa63644f74ce96fbeb9b794f66aff2a52d601cbd5e80f4b97123e3899f4570f1"
dependencies = [
 "kernel32-sys",
 "winapi 0.2.8",
]

[[package]]
name = "termcolor"
version = "0.3.4"
source = "registry+https://github.com/rust-lang/crates.io-index"
checksum = "73e83896da740a4541a6f21606b35f2aa4bada5b65d89dc61114bf9d6ff2dc7e"
dependencies = [
 "wincolor",
]

[[package]]
name = "termion"
version = "1.5.1"
source = "registry+https://github.com/rust-lang/crates.io-index"
checksum = "689a3bdfaab439fd92bc87df5c4c78417d3cbe537487274e9b0b2dce76e92096"
dependencies = [
 "libc",
 "redox_syscall",
 "redox_termios",
]

[[package]]
name = "textwrap"
version = "0.9.0"
source = "registry+https://github.com/rust-lang/crates.io-index"
checksum = "c0b59b6b4b44d867f1370ef1bd91bfb262bf07bf0ae65c202ea2fbc16153b693"
dependencies = [
 "unicode-width",
]

[[package]]
name = "thread_local"
version = "0.3.5"
source = "registry+https://github.com/rust-lang/crates.io-index"
checksum = "279ef31c19ededf577bfd12dfae728040a21f635b06a24cd670ff510edd38963"
dependencies = [
 "lazy_static 1.4.0",
 "unreachable",
]

[[package]]
name = "toml"
version = "0.4.5"
source = "registry+https://github.com/rust-lang/crates.io-index"
checksum = "a7540f4ffc193e0d3c94121edb19b055670d369f77d5804db11ae053a45b6e7e"
dependencies = [
 "serde",
]

[[package]]
name = "unicode-bidi"
version = "0.3.4"
source = "registry+https://github.com/rust-lang/crates.io-index"
checksum = "49f2bd0c6468a8230e1db229cff8029217cf623c767ea5d60bfbd42729ea54d5"
dependencies = [
 "matches",
]

[[package]]
name = "unicode-normalization"
version = "0.1.5"
source = "registry+https://github.com/rust-lang/crates.io-index"
checksum = "51ccda9ef9efa3f7ef5d91e8f9b83bbe6955f9bf86aec89d5cce2c874625920f"

[[package]]
name = "unicode-width"
version = "0.1.4"
source = "registry+https://github.com/rust-lang/crates.io-index"
checksum = "bf3a113775714a22dcb774d8ea3655c53a32debae63a063acc00a91cc586245f"

[[package]]
name = "unicode-xid"
version = "0.0.4"
source = "registry+https://github.com/rust-lang/crates.io-index"
checksum = "8c1f860d7d29cf02cb2f3f359fd35991af3d30bac52c57d265a3c461074cb4dc"

[[package]]
name = "unicode-xid"
version = "0.1.0"
source = "registry+https://github.com/rust-lang/crates.io-index"
checksum = "fc72304796d0818e357ead4e000d19c9c174ab23dc11093ac919054d20a6a7fc"

[[package]]
name = "unreachable"
version = "1.0.0"
source = "registry+https://github.com/rust-lang/crates.io-index"
checksum = "382810877fe448991dfc7f0dd6e3ae5d58088fd0ea5e35189655f84e6814fa56"
dependencies = [
 "void",
]

[[package]]
name = "url"
version = "1.6.0"
source = "registry+https://github.com/rust-lang/crates.io-index"
checksum = "fa35e768d4daf1d85733418a49fb42e10d7f633e394fccab4ab7aba897053fe2"
dependencies = [
 "idna",
 "matches",
 "percent-encoding",
]

[[package]]
name = "userenv-sys"
version = "0.2.0"
source = "registry+https://github.com/rust-lang/crates.io-index"
checksum = "71d28ea36bbd9192d75bd9fa9b39f96ddb986eaee824adae5d53b6e51919b2f3"
dependencies = [
 "winapi 0.2.8",
 "winapi-build",
]

[[package]]
name = "utf8-ranges"
version = "1.0.0"
source = "registry+https://github.com/rust-lang/crates.io-index"
checksum = "662fab6525a98beff2921d7f61a39e7d59e0b425ebc7d0d9e66d316e55124122"

[[package]]
name = "vcpkg"
version = "0.2.2"
source = "registry+https://github.com/rust-lang/crates.io-index"
checksum = "9e0a7d8bed3178a8fb112199d466eeca9ed09a14ba8ad67718179b4fd5487d0b"

[[package]]
name = "vec_map"
version = "0.8.0"
source = "registry+https://github.com/rust-lang/crates.io-index"
checksum = "887b5b631c2ad01628bbbaa7dd4c869f80d3186688f8d0b6f58774fbe324988c"

[[package]]
name = "void"
version = "1.0.2"
source = "registry+https://github.com/rust-lang/crates.io-index"
checksum = "6a02e4885ed3bc0f2de90ea6dd45ebcbb66dacffe03547fadbb0eeae2770887d"

[[package]]
name = "walkdir"
version = "1.0.7"
source = "registry+https://github.com/rust-lang/crates.io-index"
checksum = "bb08f9e670fab86099470b97cd2b252d6527f0b3cc1401acdb595ffc9dd288ff"
dependencies = [
 "kernel32-sys",
 "same-file",
 "winapi 0.2.8",
]

[[package]]
name = "winapi"
version = "0.2.8"
source = "registry+https://github.com/rust-lang/crates.io-index"
checksum = "167dc9d6949a9b857f3451275e911c3f44255842c1f7a76f33c55103a909087a"

[[package]]
name = "winapi"
version = "0.3.4"
source = "registry+https://github.com/rust-lang/crates.io-index"
checksum = "04e3bd221fcbe8a271359c04f21a76db7d0c6028862d1bb5512d85e1e2eb5bb3"
dependencies = [
 "winapi-i686-pc-windows-gnu",
 "winapi-x86_64-pc-windows-gnu",
]

[[package]]
name = "winapi-build"
version = "0.1.1"
source = "registry+https://github.com/rust-lang/crates.io-index"
checksum = "2d315eee3b34aca4797b2da6b13ed88266e6d612562a0c46390af8299fc699bc"

[[package]]
name = "winapi-i686-pc-windows-gnu"
version = "0.4.0"
source = "registry+https://github.com/rust-lang/crates.io-index"
checksum = "ac3b87c63620426dd9b991e5ce0329eff545bccbbb34f3be09ff6fb6ab51b7b6"

[[package]]
name = "winapi-x86_64-pc-windows-gnu"
version = "0.4.0"
source = "registry+https://github.com/rust-lang/crates.io-index"
checksum = "712e227841d057c1ee1cd2fb22fa7e5a5461ae8e48fa2ca79ec42cfc1931183f"

[[package]]
name = "wincolor"
version = "0.1.6"
source = "registry+https://github.com/rust-lang/crates.io-index"
checksum = "eeb06499a3a4d44302791052df005d5232b927ed1a9658146d842165c4de7767"
dependencies = [
 "winapi 0.3.4",
]

[[package]]
name = "ws2_32-sys"
version = "0.2.1"
source = "registry+https://github.com/rust-lang/crates.io-index"
checksum = "d59cefebd0c892fa2dd6de581e937301d8552cb44489cdff035c6187cb63fa5e"
dependencies = [
 "winapi 0.2.8",
 "winapi-build",
]
